
Microsoft Visual Studio Solution File, Format Version 12.00
# Visual Studio Version 17
VisualStudioVersion = 17.5.2.0
MinimumVisualStudioVersion = 10.0.40219.1
Project("{FAE04EC0-301F-11D3-BF4B-00C04F79EFBC}") = "WinLet.Core", "src\WinLet.Core\WinLet.Core.csproj", "{A1E04EC0-301F-11D3-BF4B-00C04F79EFBC}"
EndProject
Project("{FAE04EC0-301F-11D3-BF4B-00C04F79EFBC}") = "WinLet.CLI", "src\WinLet.CLI\WinLet.CLI.csproj", "{B2E04EC0-301F-11D3-BF4B-00C04F79EFBC}"
EndProject
Project("{2150E333-8FDC-42A3-9474-1A3956D46DE8}") = "tests", "tests", "{0AB3BF05-4346-4AA6-1389-037BE0695223}"
EndProject
Project("{FAE04EC0-301F-11D3-BF4B-00C04F79EFBC}") = "WinLet.Core.Tests", "tests\WinLet.Core.Tests\WinLet.Core.Tests.csproj", "{212495C2-5E67-4B3E-A56B-3553A7AA5E5D}"
EndProject
Project("{2150E333-8FDC-42A3-9474-1A3956D46DE8}") = "src", "src", "{827E0CD3-B72D-47B6-A68D-7590B98EB39B}"
EndProject
Global
	GlobalSection(SolutionConfigurationPlatforms) = preSolution
		Debug|Any CPU = Debug|Any CPU
		Debug|x64 = Debug|x64
		Debug|x86 = Debug|x86
		Release|Any CPU = Release|Any CPU
		Release|x64 = Release|x64
		Release|x86 = Release|x86
	EndGlobalSection
	GlobalSection(ProjectConfigurationPlatforms) = postSolution
		{A1E04EC0-301F-11D3-BF4B-00C04F79EFBC}.Debug|Any CPU.ActiveCfg = Debug|Any CPU
		{A1E04EC0-301F-11D3-BF4B-00C04F79EFBC}.Debug|Any CPU.Build.0 = Debug|Any CPU
		{A1E04EC0-301F-11D3-BF4B-00C04F79EFBC}.Debug|x64.ActiveCfg = Debug|Any CPU
		{A1E04EC0-301F-11D3-BF4B-00C04F79EFBC}.Debug|x64.Build.0 = Debug|Any CPU
		{A1E04EC0-301F-11D3-BF4B-00C04F79EFBC}.Debug|x86.ActiveCfg = Debug|Any CPU
		{A1E04EC0-301F-11D3-BF4B-00C04F79EFBC}.Debug|x86.Build.0 = Debug|Any CPU
		{A1E04EC0-301F-11D3-BF4B-00C04F79EFBC}.Release|Any CPU.ActiveCfg = Release|Any CPU
		{A1E04EC0-301F-11D3-BF4B-00C04F79EFBC}.Release|Any CPU.Build.0 = Release|Any CPU
		{A1E04EC0-301F-11D3-BF4B-00C04F79EFBC}.Release|x64.ActiveCfg = Release|Any CPU
		{A1E04EC0-301F-11D3-BF4B-00C04F79EFBC}.Release|x64.Build.0 = Release|Any CPU
		{A1E04EC0-301F-11D3-BF4B-00C04F79EFBC}.Release|x86.ActiveCfg = Release|Any CPU
		{A1E04EC0-301F-11D3-BF4B-00C04F79EFBC}.Release|x86.Build.0 = Release|Any CPU
		{B2E04EC0-301F-11D3-BF4B-00C04F79EFBC}.Debug|Any CPU.ActiveCfg = Debug|Any CPU
		{B2E04EC0-301F-11D3-BF4B-00C04F79EFBC}.Debug|Any CPU.Build.0 = Debug|Any CPU
		{B2E04EC0-301F-11D3-BF4B-00C04F79EFBC}.Debug|x64.ActiveCfg = Debug|Any CPU
		{B2E04EC0-301F-11D3-BF4B-00C04F79EFBC}.Debug|x64.Build.0 = Debug|Any CPU
		{B2E04EC0-301F-11D3-BF4B-00C04F79EFBC}.Debug|x86.ActiveCfg = Debug|Any CPU
		{B2E04EC0-301F-11D3-BF4B-00C04F79EFBC}.Debug|x86.Build.0 = Debug|Any CPU
		{B2E04EC0-301F-11D3-BF4B-00C04F79EFBC}.Release|Any CPU.ActiveCfg = Release|Any CPU
		{B2E04EC0-301F-11D3-BF4B-00C04F79EFBC}.Release|Any CPU.Build.0 = Release|Any CPU
		{B2E04EC0-301F-11D3-BF4B-00C04F79EFBC}.Release|x64.ActiveCfg = Release|Any CPU
		{B2E04EC0-301F-11D3-BF4B-00C04F79EFBC}.Release|x64.Build.0 = Release|Any CPU
		{B2E04EC0-301F-11D3-BF4B-00C04F79EFBC}.Release|x86.ActiveCfg = Release|Any CPU
		{B2E04EC0-301F-11D3-BF4B-00C04F79EFBC}.Release|x86.Build.0 = Release|Any CPU
		{212495C2-5E67-4B3E-A56B-3553A7AA5E5D}.Debug|Any CPU.ActiveCfg = Debug|Any CPU
		{212495C2-5E67-4B3E-A56B-3553A7AA5E5D}.Debug|Any CPU.Build.0 = Debug|Any CPU
		{212495C2-5E67-4B3E-A56B-3553A7AA5E5D}.Debug|x64.ActiveCfg = Debug|Any CPU
		{212495C2-5E67-4B3E-A56B-3553A7AA5E5D}.Debug|x64.Build.0 = Debug|Any CPU
		{212495C2-5E67-4B3E-A56B-3553A7AA5E5D}.Debug|x86.ActiveCfg = Debug|Any CPU
		{212495C2-5E67-4B3E-A56B-3553A7AA5E5D}.Debug|x86.Build.0 = Debug|Any CPU
		{212495C2-5E67-4B3E-A56B-3553A7AA5E5D}.Release|Any CPU.ActiveCfg = Release|Any CPU
		{212495C2-5E67-4B3E-A56B-3553A7AA5E5D}.Release|Any CPU.Build.0 = Release|Any CPU
		{212495C2-5E67-4B3E-A56B-3553A7AA5E5D}.Release|x64.ActiveCfg = Release|Any CPU
		{212495C2-5E67-4B3E-A56B-3553A7AA5E5D}.Release|x64.Build.0 = Release|Any CPU
		{212495C2-5E67-4B3E-A56B-3553A7AA5E5D}.Release|x86.ActiveCfg = Release|Any CPU
		{212495C2-5E67-4B3E-A56B-3553A7AA5E5D}.Release|x86.Build.0 = Release|Any CPU
	EndGlobalSection
	GlobalSection(SolutionProperties) = preSolution
		HideSolutionNode = FALSE
	EndGlobalSection
	GlobalSection(NestedProjects) = preSolution
		{212495C2-5E67-4B3E-A56B-3553A7AA5E5D} = {0AB3BF05-4346-4AA6-1389-037BE0695223}
	EndGlobalSection
	GlobalSection(ExtensibilityGlobals) = postSolution
		SolutionGuid = {A15AD528-398B-4EE4-89D5-9FAE44FBC3B5}
	EndGlobalSection
EndGlobal
